
Microsoft Visual Studio Solution File, Format Version 12.00
# Visual Studio 15
VisualStudioVersion = 15.0.27428.2015
MinimumVisualStudioVersion = 10.0.40219.1
Project("{FAE04EC0-301F-11D3-BF4B-00C04F79EFBC}") = "Netsparker-CLI", "Netsparker-CLI\Netsparker-CLI.csproj", "{531350BF-E5A3-4381-BA16-E908E683AB7D}"
EndProject
Project("{FAE04EC0-301F-11D3-BF4B-00C04F79EFBC}") = "Netsparker", "Netsparker\Netsparker.csproj", "{F0D731BD-0C46-44AD-9BDD-63BA16B410DC}"
EndProject
Global
	GlobalSection(SolutionConfigurationPlatforms) = preSolution
		Debug|Any CPU = Debug|Any CPU
		Release|Any CPU = Release|Any CPU
	EndGlobalSection
	GlobalSection(ProjectConfigurationPlatforms) = postSolution
		{531350BF-E5A3-4381-BA16-E908E683AB7D}.Debug|Any CPU.ActiveCfg = Debug|Any CPU
		{531350BF-E5A3-4381-BA16-E908E683AB7D}.Debug|Any CPU.Build.0 = Debug|Any CPU
		{531350BF-E5A3-4381-BA16-E908E683AB7D}.Release|Any CPU.ActiveCfg = Release|Any CPU
		{531350BF-E5A3-4381-BA16-E908E683AB7D}.Release|Any CPU.Build.0 = Release|Any CPU
		{F0D731BD-0C46-44AD-9BDD-63BA16B410DC}.Debug|Any CPU.ActiveCfg = Debug|Any CPU
		{F0D731BD-0C46-44AD-9BDD-63BA16B410DC}.Debug|Any CPU.Build.0 = Debug|Any CPU
		{F0D731BD-0C46-44AD-9BDD-63BA16B410DC}.Release|Any CPU.ActiveCfg = Release|Any CPU
		{F0D731BD-0C46-44AD-9BDD-63BA16B410DC}.Release|Any CPU.Build.0 = Release|Any CPU
	EndGlobalSection
	GlobalSection(SolutionProperties) = preSolution
		HideSolutionNode = FALSE
	EndGlobalSection
	GlobalSection(ExtensibilityGlobals) = postSolution
		SolutionGuid = {8866310C-FE54-4AAE-BDDD-439BE7CA2AD2}
	EndGlobalSection
EndGlobal
